
Microsoft Visual Studio Solution File, Format Version 12.00
# Visual Studio Version 17
VisualStudioVersion = 17.12.35527.113
MinimumVisualStudioVersion = 10.0.40219.1
Project("{FAE04EC0-301F-11D3-BF4B-00C04F79EFBC}") = "ModelTokenizerSdk", "ModelTokenizerSdk\ModelTokenizerSdk.csproj", "{82C1D9D3-08F2-4A0B-A49C-80691DEA2AFC}"
EndProject
Project("{FAE04EC0-301F-11D3-BF4B-00C04F79EFBC}") = "Test", "Test\Test.csproj", "{97CB5367-82BB-4061-A08B-A5D88C822F4A}"
EndProject
Project("{FAE04EC0-301F-11D3-BF4B-00C04F79EFBC}") = "Test.Estimator", "Test.Estimator\Test.Estimator.csproj", "{157BF91E-7DE0-43A9-8123-EF8188EDADA9}"
EndProject
Project("{FAE04EC0-301F-11D3-BF4B-00C04F79EFBC}") = "Test.Shared", "Test.Shared\Test.Shared.csproj", "{862B9D06-72E2-4CD5-9CD1-2B29372EDDED}"
EndProject
Project("{FAE04EC0-301F-11D3-BF4B-00C04F79EFBC}") = "Test.Automated", "Test.Automated\Test.Automated.csproj", "{5613800A-E0D3-43DA-A388-1B6EA0CBAF4F}"
EndProject
Project("{FAE04EC0-301F-11D3-BF4B-00C04F79EFBC}") = "Test.Xunit", "Test.Xunit\Test.Xunit.csproj", "{5CFAD5F5-237A-4F13-A600-D853C1AA83E3}"
EndProject
Project("{FAE04EC0-301F-11D3-BF4B-00C04F79EFBC}") = "Test.Nunit", "Test.Nunit\Test.Nunit.csproj", "{017DFE08-95F7-4399-91D3-D048A5F4942E}"
EndProject
Global
	GlobalSection(SolutionConfigurationPlatforms) = preSolution
		Debug|Any CPU = Debug|Any CPU
		Debug|x64 = Debug|x64
		Debug|x86 = Debug|x86
		Release|Any CPU = Release|Any CPU
		Release|x64 = Release|x64
		Release|x86 = Release|x86
	EndGlobalSection
	GlobalSection(ProjectConfigurationPlatforms) = postSolution
		{82C1D9D3-08F2-4A0B-A49C-80691DEA2AFC}.Debug|Any CPU.ActiveCfg = Debug|Any CPU
		{82C1D9D3-08F2-4A0B-A49C-80691DEA2AFC}.Debug|Any CPU.Build.0 = Debug|Any CPU
		{82C1D9D3-08F2-4A0B-A49C-80691DEA2AFC}.Debug|x64.ActiveCfg = Debug|Any CPU
		{82C1D9D3-08F2-4A0B-A49C-80691DEA2AFC}.Debug|x64.Build.0 = Debug|Any CPU
		{82C1D9D3-08F2-4A0B-A49C-80691DEA2AFC}.Debug|x86.ActiveCfg = Debug|Any CPU
		{82C1D9D3-08F2-4A0B-A49C-80691DEA2AFC}.Debug|x86.Build.0 = Debug|Any CPU
		{82C1D9D3-08F2-4A0B-A49C-80691DEA2AFC}.Release|Any CPU.ActiveCfg = Release|Any CPU
		{82C1D9D3-08F2-4A0B-A49C-80691DEA2AFC}.Release|Any CPU.Build.0 = Release|Any CPU
		{82C1D9D3-08F2-4A0B-A49C-80691DEA2AFC}.Release|x64.ActiveCfg = Release|Any CPU
		{82C1D9D3-08F2-4A0B-A49C-80691DEA2AFC}.Release|x64.Build.0 = Release|Any CPU
		{82C1D9D3-08F2-4A0B-A49C-80691DEA2AFC}.Release|x86.ActiveCfg = Release|Any CPU
		{82C1D9D3-08F2-4A0B-A49C-80691DEA2AFC}.Release|x86.Build.0 = Release|Any CPU
		{97CB5367-82BB-4061-A08B-A5D88C822F4A}.Debug|Any CPU.ActiveCfg = Debug|Any CPU
		{97CB5367-82BB-4061-A08B-A5D88C822F4A}.Debug|Any CPU.Build.0 = Debug|Any CPU
		{97CB5367-82BB-4061-A08B-A5D88C822F4A}.Debug|x64.ActiveCfg = Debug|Any CPU
		{97CB5367-82BB-4061-A08B-A5D88C822F4A}.Debug|x64.Build.0 = Debug|Any CPU
		{97CB5367-82BB-4061-A08B-A5D88C822F4A}.Debug|x86.ActiveCfg = Debug|Any CPU
		{97CB5367-82BB-4061-A08B-A5D88C822F4A}.Debug|x86.Build.0 = Debug|Any CPU
		{97CB5367-82BB-4061-A08B-A5D88C822F4A}.Release|Any CPU.ActiveCfg = Release|Any CPU
		{97CB5367-82BB-4061-A08B-A5D88C822F4A}.Release|Any CPU.Build.0 = Release|Any CPU
		{97CB5367-82BB-4061-A08B-A5D88C822F4A}.Release|x64.ActiveCfg = Release|Any CPU
		{97CB5367-82BB-4061-A08B-A5D88C822F4A}.Release|x64.Build.0 = Release|Any CPU
		{97CB5367-82BB-4061-A08B-A5D88C822F4A}.Release|x86.ActiveCfg = Release|Any CPU
		{97CB5367-82BB-4061-A08B-A5D88C822F4A}.Release|x86.Build.0 = Release|Any CPU
		{157BF91E-7DE0-43A9-8123-EF8188EDADA9}.Debug|Any CPU.ActiveCfg = Debug|Any CPU
		{157BF91E-7DE0-43A9-8123-EF8188EDADA9}.Debug|Any CPU.Build.0 = Debug|Any CPU
		{157BF91E-7DE0-43A9-8123-EF8188EDADA9}.Debug|x64.ActiveCfg = Debug|Any CPU
		{157BF91E-7DE0-43A9-8123-EF8188EDADA9}.Debug|x64.Build.0 = Debug|Any CPU
		{157BF91E-7DE0-43A9-8123-EF8188EDADA9}.Debug|x86.ActiveCfg = Debug|Any CPU
		{157BF91E-7DE0-43A9-8123-EF8188EDADA9}.Debug|x86.Build.0 = Debug|Any CPU
		{157BF91E-7DE0-43A9-8123-EF8188EDADA9}.Release|Any CPU.ActiveCfg = Release|Any CPU
		{157BF91E-7DE0-43A9-8123-EF8188EDADA9}.Release|Any CPU.Build.0 = Release|Any CPU
		{157BF91E-7DE0-43A9-8123-EF8188EDADA9}.Release|x64.ActiveCfg = Release|Any CPU
		{157BF91E-7DE0-43A9-8123-EF8188EDADA9}.Release|x64.Build.0 = Release|Any CPU
		{157BF91E-7DE0-43A9-8123-EF8188EDADA9}.Release|x86.ActiveCfg = Release|Any CPU
		{157BF91E-7DE0-43A9-8123-EF8188EDADA9}.Release|x86.Build.0 = Release|Any CPU
		{862B9D06-72E2-4CD5-9CD1-2B29372EDDED}.Debug|Any CPU.ActiveCfg = Debug|Any CPU
		{862B9D06-72E2-4CD5-9CD1-2B29372EDDED}.Debug|Any CPU.Build.0 = Debug|Any CPU
		{862B9D06-72E2-4CD5-9CD1-2B29372EDDED}.Debug|x64.ActiveCfg = Debug|Any CPU
		{862B9D06-72E2-4CD5-9CD1-2B29372EDDED}.Debug|x64.Build.0 = Debug|Any CPU
		{862B9D06-72E2-4CD5-9CD1-2B29372EDDED}.Debug|x86.ActiveCfg = Debug|Any CPU
		{862B9D06-72E2-4CD5-9CD1-2B29372EDDED}.Debug|x86.Build.0 = Debug|Any CPU
		{862B9D06-72E2-4CD5-9CD1-2B29372EDDED}.Release|Any CPU.ActiveCfg = Release|Any CPU
		{862B9D06-72E2-4CD5-9CD1-2B29372EDDED}.Release|Any CPU.Build.0 = Release|Any CPU
		{862B9D06-72E2-4CD5-9CD1-2B29372EDDED}.Release|x64.ActiveCfg = Release|Any CPU
		{862B9D06-72E2-4CD5-9CD1-2B29372EDDED}.Release|x64.Build.0 = Release|Any CPU
		{862B9D06-72E2-4CD5-9CD1-2B29372EDDED}.Release|x86.ActiveCfg = Release|Any CPU
		{862B9D06-72E2-4CD5-9CD1-2B29372EDDED}.Release|x86.Build.0 = Release|Any CPU
		{5613800A-E0D3-43DA-A388-1B6EA0CBAF4F}.Debug|Any CPU.ActiveCfg = Debug|Any CPU
		{5613800A-E0D3-43DA-A388-1B6EA0CBAF4F}.Debug|Any CPU.Build.0 = Debug|Any CPU
		{5613800A-E0D3-43DA-A388-1B6EA0CBAF4F}.Debug|x64.ActiveCfg = Debug|Any CPU
		{5613800A-E0D3-43DA-A388-1B6EA0CBAF4F}.Debug|x64.Build.0 = Debug|Any CPU
		{5613800A-E0D3-43DA-A388-1B6EA0CBAF4F}.Debug|x86.ActiveCfg = Debug|Any CPU
		{5613800A-E0D3-43DA-A388-1B6EA0CBAF4F}.Debug|x86.Build.0 = Debug|Any CPU
		{5613800A-E0D3-43DA-A388-1B6EA0CBAF4F}.Release|Any CPU.ActiveCfg = Release|Any CPU
		{5613800A-E0D3-43DA-A388-1B6EA0CBAF4F}.Release|Any CPU.Build.0 = Release|Any CPU
		{5613800A-E0D3-43DA-A388-1B6EA0CBAF4F}.Release|x64.ActiveCfg = Release|Any CPU
		{5613800A-E0D3-43DA-A388-1B6EA0CBAF4F}.Release|x64.Build.0 = Release|Any CPU
		{5613800A-E0D3-43DA-A388-1B6EA0CBAF4F}.Release|x86.ActiveCfg = Release|Any CPU
		{5613800A-E0D3-43DA-A388-1B6EA0CBAF4F}.Release|x86.Build.0 = Release|Any CPU
		{5CFAD5F5-237A-4F13-A600-D853C1AA83E3}.Debug|Any CPU.ActiveCfg = Debug|Any CPU
		{5CFAD5F5-237A-4F13-A600-D853C1AA83E3}.Debug|Any CPU.Build.0 = Debug|Any CPU
		{5CFAD5F5-237A-4F13-A600-D853C1AA83E3}.Debug|x64.ActiveCfg = Debug|Any CPU
		{5CFAD5F5-237A-4F13-A600-D853C1AA83E3}.Debug|x64.Build.0 = Debug|Any CPU
		{5CFAD5F5-237A-4F13-A600-D853C1AA83E3}.Debug|x86.ActiveCfg = Debug|Any CPU
		{5CFAD5F5-237A-4F13-A600-D853C1AA83E3}.Debug|x86.Build.0 = Debug|Any CPU
		{5CFAD5F5-237A-4F13-A600-D853C1AA83E3}.Release|Any CPU.ActiveCfg = Release|Any CPU
		{5CFAD5F5-237A-4F13-A600-D853C1AA83E3}.Release|Any CPU.Build.0 = Release|Any CPU
		{5CFAD5F5-237A-4F13-A600-D853C1AA83E3}.Release|x64.ActiveCfg = Release|Any CPU
		{5CFAD5F5-237A-4F13-A600-D853C1AA83E3}.Release|x64.Build.0 = Release|Any CPU
		{5CFAD5F5-237A-4F13-A600-D853C1AA83E3}.Release|x86.ActiveCfg = Release|Any CPU
		{5CFAD5F5-237A-4F13-A600-D853C1AA83E3}.Release|x86.Build.0 = Release|Any CPU
		{017DFE08-95F7-4399-91D3-D048A5F4942E}.Debug|Any CPU.ActiveCfg = Debug|Any CPU
		{017DFE08-95F7-4399-91D3-D048A5F4942E}.Debug|Any CPU.Build.0 = Debug|Any CPU
		{017DFE08-95F7-4399-91D3-D048A5F4942E}.Debug|x64.ActiveCfg = Debug|Any CPU
		{017DFE08-95F7-4399-91D3-D048A5F4942E}.Debug|x64.Build.0 = Debug|Any CPU
		{017DFE08-95F7-4399-91D3-D048A5F4942E}.Debug|x86.ActiveCfg = Debug|Any CPU
		{017DFE08-95F7-4399-91D3-D048A5F4942E}.Debug|x86.Build.0 = Debug|Any CPU
		{017DFE08-95F7-4399-91D3-D048A5F4942E}.Release|Any CPU.ActiveCfg = Release|Any CPU
		{017DFE08-95F7-4399-91D3-D048A5F4942E}.Release|Any CPU.Build.0 = Release|Any CPU
		{017DFE08-95F7-4399-91D3-D048A5F4942E}.Release|x64.ActiveCfg = Release|Any CPU
		{017DFE08-95F7-4399-91D3-D048A5F4942E}.Release|x64.Build.0 = Release|Any CPU
		{017DFE08-95F7-4399-91D3-D048A5F4942E}.Release|x86.ActiveCfg = Release|Any CPU
		{017DFE08-95F7-4399-91D3-D048A5F4942E}.Release|x86.Build.0 = Release|Any CPU
	EndGlobalSection
	GlobalSection(SolutionProperties) = preSolution
		HideSolutionNode = FALSE
	EndGlobalSection
EndGlobal
